{
    "_readme": [
        "This file locks the dependencies of your project to a known state",
        "Read more about it at https://getcomposer.org/doc/01-basic-usage.md#installing-dependencies",
        "This file is @generated automatically"
    ],
    "content-hash": "5e2515ff0fcd59f450cb314ec4480a09",
    "packages": [
        {
            "name": "salad/salad",
            "version": "v1.1.0",
            "source": {
                "type": "git",
                "url": "git@github.com:shawndempsey/dependencies-salad.git",
                "reference": "a4988645678e6ac789a6c090a6148bb2d7ac887b"
            },
            "dist": {
                "type": "zip",
                "url": "https://api.github.com/repos/shawndempsey/dependencies-salad/zipball/a4988645678e6ac789a6c090a6148bb2d7ac887b",
                "reference": "a4988645678e6ac789a6c090a6148bb2d7ac887b",
                "shasum": ""
            },
            "type": "library",
            "autoload": {
                "psr-4": {
                    "Salad\\": "src/"
                }
            },
            "support": {
                "source": "https://github.com/shawndempsey/dependencies-salad/tree/v1.1.0",
                "issues": "https://github.com/shawndempsey/dependencies-salad/issues"
            },
            "time": "2022-08-13T15:09:03+00:00"
        }
    ],
    "packages-dev": [],
    "aliases": [],
    "minimum-stability": "stable",
    "stability-flags": [],
    "prefer-stable": false,
    "prefer-lowest": false,
    "platform": [],
    "platform-dev": [],
    "plugin-api-version": "2.3.0"
}
